
Microsoft Visual Studio Solution File, Format Version 12.00
# Visual Studio 15
VisualStudioVersion = 15.0.27130.2027
MinimumVisualStudioVersion = 10.0.40219.1
Project("{9A19103F-16F7-4668-BE54-9A1E7A4F7556}") = "TwitchLib.Client", "TwitchLib.Client\TwitchLib.Client\TwitchLib.Client.csproj", "{20F9F078-F11B-4857-A063-8B72162B117E}"
EndProject
Project("{9A19103F-16F7-4668-BE54-9A1E7A4F7556}") = "TwitchLib.PubSub", "TwitchLib.PubSub\TwitchLib.PubSub\TwitchLib.PubSub.csproj", "{6BD11F52-3B66-44A2-9AF4-EB81C4276EF9}"
EndProject
Project("{9A19103F-16F7-4668-BE54-9A1E7A4F7556}") = "TwitchLib.Unity", "TwitchLib.Unity\TwitchLib.Unity.csproj", "{D10753F8-C8E8-4297-B60D-70A9DAD7B0BD}"
EndProject
Project("{9A19103F-16F7-4668-BE54-9A1E7A4F7556}") = "TwitchLib.Api", "TwitchLib.Api\TwitchLib.Api\TwitchLib.Api.csproj", "{C48A8995-437F-4875-BC06-394D962A5CEF}"
EndProject
Global
	GlobalSection(SolutionConfigurationPlatforms) = preSolution
		Debug|Any CPU = Debug|Any CPU
		Release|Any CPU = Release|Any CPU
	EndGlobalSection
	GlobalSection(ProjectConfigurationPlatforms) = postSolution
		{20F9F078-F11B-4857-A063-8B72162B117E}.Debug|Any CPU.ActiveCfg = Debug|Any CPU
		{20F9F078-F11B-4857-A063-8B72162B117E}.Debug|Any CPU.Build.0 = Debug|Any CPU
		{20F9F078-F11B-4857-A063-8B72162B117E}.Release|Any CPU.ActiveCfg = Release|Any CPU
		{20F9F078-F11B-4857-A063-8B72162B117E}.Release|Any CPU.Build.0 = Release|Any CPU
		{6BD11F52-3B66-44A2-9AF4-EB81C4276EF9}.Debug|Any CPU.ActiveCfg = Debug|Any CPU
		{6BD11F52-3B66-44A2-9AF4-EB81C4276EF9}.Debug|Any CPU.Build.0 = Debug|Any CPU
		{6BD11F52-3B66-44A2-9AF4-EB81C4276EF9}.Release|Any CPU.ActiveCfg = Release|Any CPU
		{6BD11F52-3B66-44A2-9AF4-EB81C4276EF9}.Release|Any CPU.Build.0 = Release|Any CPU
		{D10753F8-C8E8-4297-B60D-70A9DAD7B0BD}.Debug|Any CPU.ActiveCfg = Debug|Any CPU
		{D10753F8-C8E8-4297-B60D-70A9DAD7B0BD}.Debug|Any CPU.Build.0 = Debug|Any CPU
		{D10753F8-C8E8-4297-B60D-70A9DAD7B0BD}.Release|Any CPU.ActiveCfg = Release|Any CPU
		{D10753F8-C8E8-4297-B60D-70A9DAD7B0BD}.Release|Any CPU.Build.0 = Release|Any CPU
		{C48A8995-437F-4875-BC06-394D962A5CEF}.Debug|Any CPU.ActiveCfg = Debug|Any CPU
		{C48A8995-437F-4875-BC06-394D962A5CEF}.Debug|Any CPU.Build.0 = Debug|Any CPU
		{C48A8995-437F-4875-BC06-394D962A5CEF}.Release|Any CPU.ActiveCfg = Release|Any CPU
		{C48A8995-437F-4875-BC06-394D962A5CEF}.Release|Any CPU.Build.0 = Release|Any CPU
	EndGlobalSection
	GlobalSection(SolutionProperties) = preSolution
		HideSolutionNode = FALSE
	EndGlobalSection
	GlobalSection(ExtensibilityGlobals) = postSolution
		SolutionGuid = {E4D296CC-64DA-4519-A605-25AF974139D1}
	EndGlobalSection
EndGlobal
