
Microsoft Visual Studio Solution File, Format Version 12.00
# Visual Studio 15
VisualStudioVersion = 15.0.27130.2026
MinimumVisualStudioVersion = 10.0.40219.1
Project("{9A19103F-16F7-4668-BE54-9A1E7A4F7556}") = "TwitchLib.Unity", "TwitchLib.Unity\TwitchLib.Unity.csproj", "{BB6324DD-CF8C-457F-89AA-00027B30D258}"
EndProject
Global
	GlobalSection(SolutionConfigurationPlatforms) = preSolution
		Debug|Any CPU = Debug|Any CPU
		Release|Any CPU = Release|Any CPU
	EndGlobalSection
	GlobalSection(ProjectConfigurationPlatforms) = postSolution
		{BB6324DD-CF8C-457F-89AA-00027B30D258}.Debug|Any CPU.ActiveCfg = Debug|Any CPU
		{BB6324DD-CF8C-457F-89AA-00027B30D258}.Debug|Any CPU.Build.0 = Debug|Any CPU
		{BB6324DD-CF8C-457F-89AA-00027B30D258}.Release|Any CPU.ActiveCfg = Release|Any CPU
		{BB6324DD-CF8C-457F-89AA-00027B30D258}.Release|Any CPU.Build.0 = Release|Any CPU
	EndGlobalSection
	GlobalSection(SolutionProperties) = preSolution
		HideSolutionNode = FALSE
	EndGlobalSection
	GlobalSection(ExtensibilityGlobals) = postSolution
		SolutionGuid = {E4D296CC-64DA-4519-A605-25AF974139D1}
	EndGlobalSection
EndGlobal
